
Microsoft Visual Studio Solution File, Format Version 12.00
# Visual Studio Version 17
VisualStudioVersion = 17.9.34616.47
MinimumVisualStudioVersion = 10.0.40219.1
Project("{FAE04EC0-301F-11D3-BF4B-00C04F79EFBC}") = "Server", "Server\Server.csproj", "{E555D3D6-BC6F-4CF7-9F34-BCAE9825D76A}"
EndProject
Global
	GlobalSection(SolutionConfigurationPlatforms) = preSolution
		Debug|Any CPU = Debug|Any CPU
		Release|Any CPU = Release|Any CPU
	EndGlobalSection
	GlobalSection(ProjectConfigurationPlatforms) = postSolution
		{E555D3D6-BC6F-4CF7-9F34-BCAE9825D76A}.Debug|Any CPU.ActiveCfg = Debug|Any CPU
		{E555D3D6-BC6F-4CF7-9F34-BCAE9825D76A}.Debug|Any CPU.Build.0 = Debug|Any CPU
		{E555D3D6-BC6F-4CF7-9F34-BCAE9825D76A}.Release|Any CPU.ActiveCfg = Release|Any CPU
		{E555D3D6-BC6F-4CF7-9F34-BCAE9825D76A}.Release|Any CPU.Build.0 = Release|Any CPU
	EndGlobalSection
	GlobalSection(SolutionProperties) = preSolution
		HideSolutionNode = FALSE
	EndGlobalSection
	GlobalSection(ExtensibilityGlobals) = postSolution
		SolutionGuid = {85E24133-1BBF-43A8-AC43-06C3289F04E8}
	EndGlobalSection
EndGlobal
